lockfileVersion: '9.0'

settings:
  autoInstallPeers: true
  excludeLinksFromLockfile: false

importers:

  .:
    dependencies:
      node-cron:
        specifier: ^4.2.1
        version: 4.2.1

packages:

  node-cron@4.2.1:
    resolution: {integrity: sha512-lgimEHPE/QDgFlywTd8yTR61ptugX3Qer29efeyWw2rv259HtGBNn1vZVmp8lB9uo9wC0t/AT4iGqXxia+CJFg==}
    engines: {node: '>=6.0.0'}

snapshots:

  node-cron@4.2.1: {}
